
Microsoft Visual Studio Solution File, Format Version 12.00
# Visual Studio Version 17
VisualStudioVersion = 17.13.35825.156 d17.13
MinimumVisualStudioVersion = 10.0.40219.1
Project("{FAE04EC0-301F-11D3-BF4B-00C04F79EFBC}") = "FileSystemAnalyzer", "FileSystemAnalyzer\FileSystemAnalyzer.csproj", "{0DE6981F-40F8-469B-B17F-C2B231802B0A}"
EndProject
Global
	GlobalSection(SolutionConfigurationPlatforms) = preSolution
		Debug|Any CPU = Debug|Any CPU
		Release|Any CPU = Release|Any CPU
	EndGlobalSection
	GlobalSection(ProjectConfigurationPlatforms) = postSolution
		{0DE6981F-40F8-469B-B17F-C2B231802B0A}.Debug|Any CPU.ActiveCfg = Debug|Any CPU
		{0DE6981F-40F8-469B-B17F-C2B231802B0A}.Debug|Any CPU.Build.0 = Debug|Any CPU
		{0DE6981F-40F8-469B-B17F-C2B231802B0A}.Release|Any CPU.ActiveCfg = Release|Any CPU
		{0DE6981F-40F8-469B-B17F-C2B231802B0A}.Release|Any CPU.Build.0 = Release|Any CPU
	EndGlobalSection
	GlobalSection(SolutionProperties) = preSolution
		HideSolutionNode = FALSE
	EndGlobalSection
	GlobalSection(ExtensibilityGlobals) = postSolution
		SolutionGuid = {45ACD5C1-A8D7-4EC8-BC86-3941E45F7E51}
	EndGlobalSection
EndGlobal
